// !$*UTF8*$!
{
	archiveVersion = 1;
	classes = {
	};
	objectVersion = 56;
	objects = {

/* Begin PBXBuildFile section */
		931F6F622AF26C8700D4F977 /* EditableEquationCore in Frameworks */ = {isa = PBXBuildFile; productRef = 931F6F612AF26C8700D4F977 /* EditableEquationCore */; };
		931F6F642AF26C8700D4F977 /* EditableEquationKit in Frameworks */ = {isa = PBXBuildFile; productRef = 931F6F632AF26C8700D4F977 /* EditableEquationKit */; };
		931F6F662AF26C8700D4F977 /* EditableEquationUI in Frameworks */ = {isa = PBXBuildFile; productRef = 931F6F652AF26C8700D4F977 /* EditableEquationUI */; };
		935682202AF753580058E9EC /* ResultDisplayView.swift in Sources */ = {isa = PBXBuildFile; fileRef = 9356821F2AF753580058E9EC /* ResultDisplayView.swift */; };
		935682222AF779CB0058E9EC /* MainView.swift in Sources */ = {isa = PBXBuildFile; fileRef = 935682212AF779CB0058E9EC /* MainView.swift */; };
		935682242AF7A3DA0058E9EC /* NumberEditSectionView.swift in Sources */ = {isa = PBXBuildFile; fileRef = 935682232AF7A3DA0058E9EC /* NumberEditSectionView.swift */; };
		93E9F97E2AECB666006FF515 /* EditableEquationApp.swift in Sources */ = {isa = PBXBuildFile; fileRef = 93E9F97D2AECB666006FF515 /* EditableEquationApp.swift */; };
		93E9F9802AECB666006FF515 /* ContentView.swift in Sources */ = {isa = PBXBuildFile; fileRef = 93E9F97F2AECB666006FF515 /* ContentView.swift */; };
		93E9F9822AECB667006FF515 /* Assets.xcassets in Resources */ = {isa = PBXBuildFile; fileRef = 93E9F9812AECB667006FF515 /* Assets.xcassets */; };
		93E9F9852AECB667006FF515 /* Preview Assets.xcassets in Resources */ = {isa = PBXBuildFile; fileRef = 93E9F9842AECB667006FF515 /* Preview Assets.xcassets */; };
/* End PBXBuildFile section */

/* Begin PBXFileReference section */
		931F6F672AF34CC400D4F977 /* README.md */ = {isa = PBXFileReference; lastKnownFileType = net.daringfireball.markdown; path = README.md; sourceTree = "<group>"; };
		9356821F2AF753580058E9EC /* ResultDisplayView.swift */ = {isa = PBXFileReference; lastKnownFileType = sourcecode.swift; path = ResultDisplayView.swift; sourceTree = "<group>"; };
		935682212AF779CB0058E9EC /* MainView.swift */ = {isa = PBXFileReference; lastKnownFileType = sourcecode.swift; path = MainView.swift; sourceTree = "<group>"; };
		935682232AF7A3DA0058E9EC /* NumberEditSectionView.swift */ = {isa = PBXFileReference; lastKnownFileType = sourcecode.swift; path = NumberEditSectionView.swift; sourceTree = "<group>"; };
		93C2D86E2AF2434600E714B9 /* EditableEquationKit */ = {isa = PBXFileReference; lastKnownFileType = wrapper; path = EditableEquationKit; sourceTree = "<group>"; };
		93E9F97A2AECB666006FF515 /* EditableEquation.app */ = {isa = PBXFileReference; explicitFileType = wrapper.application; includeInIndex = 0; path = EditableEquation.app; sourceTree = BUILT_PRODUCTS_DIR; };
		93E9F97D2AECB666006FF515 /* EditableEquationApp.swift */ = {isa = PBXFileReference; lastKnownFileType = sourcecode.swift; path = EditableEquationApp.swift; sourceTree = "<group>"; };
		93E9F97F2AECB666006FF515 /* ContentView.swift */ = {isa = PBXFileReference; lastKnownFileType = sourcecode.swift; path = ContentView.swift; sourceTree = "<group>"; };
		93E9F9812AECB667006FF515 /* Assets.xcassets */ = {isa = PBXFileReference; lastKnownFileType = folder.assetcatalog; path = Assets.xcassets; sourceTree = "<group>"; };
		93E9F9842AECB667006FF515 /* Preview Assets.xcassets */ = {isa = PBXFileReference; lastKnownFileType = folder.assetcatalog; path = "Preview Assets.xcassets"; sourceTree = "<group>"; };
/* End PBXFileReference section */

/* Begin PBXFrameworksBuildPhase section */
		93E9F9772AECB666006FF515 /* Frameworks */ = {
			isa = PBXFrameworksBuildPhase;
			buildActionMask = 2147483647;
			files = (
				931F6F622AF26C8700D4F977 /* EditableEquationCore in Frameworks */,
				931F6F662AF26C8700D4F977 /* EditableEquationUI in Frameworks */,
				931F6F642AF26C8700D4F977 /* EditableEquationKit in Frameworks */,
			);
			runOnlyForDeploymentPostprocessing = 0;
		};
/* End PBXFrameworksBuildPhase section */

/* Begin PBXGroup section */
		931F6F602AF26C8700D4F977 /* Frameworks */ = {
			isa = PBXGroup;
			children = (
			);
			name = Frameworks;
			sourceTree = "<group>";
		};
		934566622AEF4DB300E3A619 /* Model */ = {
			isa = PBXGroup;
			children = (
			);
			path = Model;
			sourceTree = "<group>";
		};
		934566632AEF4DB600E3A619 /* UI */ = {
			isa = PBXGroup;
			children = (
				9356821F2AF753580058E9EC /* ResultDisplayView.swift */,
				935682212AF779CB0058E9EC /* MainView.swift */,
				935682232AF7A3DA0058E9EC /* NumberEditSectionView.swift */,
			);
			path = UI;
			sourceTree = "<group>";
		};
		934566732AEF4EA400E3A619 /* App */ = {
			isa = PBXGroup;
			children = (
				93E9F9832AECB667006FF515 /* Preview Content */,
				93E9F97D2AECB666006FF515 /* EditableEquationApp.swift */,
				93E9F97F2AECB666006FF515 /* ContentView.swift */,
				93E9F9812AECB667006FF515 /* Assets.xcassets */,
			);
			path = App;
			sourceTree = "<group>";
		};
		93E9F9712AECB666006FF515 = {
			isa = PBXGroup;
			children = (
				931F6F672AF34CC400D4F977 /* README.md */,
				93C2D86E2AF2434600E714B9 /* EditableEquationKit */,
				93E9F97C2AECB666006FF515 /* EditableEquation */,
				93E9F97B2AECB666006FF515 /* Products */,
				931F6F602AF26C8700D4F977 /* Frameworks */,
			);
			sourceTree = "<group>";
		};
		93E9F97B2AECB666006FF515 /* Products */ = {
			isa = PBXGroup;
			children = (
				93E9F97A2AECB666006FF515 /* EditableEquation.app */,
			);
			name = Products;
			sourceTree = "<group>";
		};
		93E9F97C2AECB666006FF515 /* EditableEquation */ = {
			isa = PBXGroup;
			children = (
				934566732AEF4EA400E3A619 /* App */,
				934566632AEF4DB600E3A619 /* UI */,
				934566622AEF4DB300E3A619 /* Model */,
			);
			path = EditableEquation;
			sourceTree = "<group>";
		};
		93E9F9832AECB667006FF515 /* Preview Content */ = {
			isa = PBXGroup;
			children = (
				93E9F9842AECB667006FF515 /* Preview Assets.xcassets */,
			);
			path = "Preview Content";
			sourceTree = "<group>";
		};
/* End PBXGroup section */

/* Begin PBXNativeTarget section */
		93E9F9792AECB666006FF515 /* EditableEquation */ = {
			isa = PBXNativeTarget;
			buildConfigurationList = 93E9F9882AECB667006FF515 /* Build configuration list for PBXNativeTarget "EditableEquation" */;
			buildPhases = (
				93E9F9762AECB666006FF515 /* Sources */,
				93E9F9772AECB666006FF515 /* Frameworks */,
				93E9F9782AECB666006FF515 /* Resources */,
			);
			buildRules = (
			);
			dependencies = (
			);
			name = EditableEquation;
			packageProductDependencies = (
				931F6F612AF26C8700D4F977 /* EditableEquationCore */,
				931F6F632AF26C8700D4F977 /* EditableEquationKit */,
				931F6F652AF26C8700D4F977 /* EditableEquationUI */,
			);
			productName = EditableEquation;
			productReference = 93E9F97A2AECB666006FF515 /* EditableEquation.app */;
			productType = "com.apple.product-type.application";
		};
/* End PBXNativeTarget section */

/* Begin PBXProject section */
		93E9F9722AECB666006FF515 /* Project object */ = {
			isa = PBXProject;
			attributes = {
				BuildIndependentTargetsInParallel = 1;
				LastSwiftUpdateCheck = 1500;
				LastUpgradeCheck = 1500;
				TargetAttributes = {
					93E9F9792AECB666006FF515 = {
						CreatedOnToolsVersion = 15.0;
					};
				};
			};
			buildConfigurationList = 93E9F9752AECB666006FF515 /* Build configuration list for PBXProject "EditableEquation" */;
			compatibilityVersion = "Xcode 14.0";
			developmentRegion = en;
			hasScannedForEncodings = 0;
			knownRegions = (
				en,
				Base,
			);
			mainGroup = 93E9F9712AECB666006FF515;
			productRefGroup = 93E9F97B2AECB666006FF515 /* Products */;
			projectDirPath = "";
			projectRoot = "";
			targets = (
				93E9F9792AECB666006FF515 /* EditableEquation */,
			);
		};
/* End PBXProject section */

/* Begin PBXResourcesBuildPhase section */
		93E9F9782AECB666006FF515 /* Resources */ = {
			isa = PBXResourcesBuildPhase;
			buildActionMask = 2147483647;
			files = (
				93E9F9852AECB667006FF515 /* Preview Assets.xcassets in Resources */,
				93E9F9822AECB667006FF515 /* Assets.xcassets in Resources */,
			);
			runOnlyForDeploymentPostprocessing = 0;
		};
/* End PBXResourcesBuildPhase section */

/* Begin PBXSourcesBuildPhase section */
		93E9F9762AECB666006FF515 /* Sources */ = {
			isa = PBXSourcesBuildPhase;
			buildActionMask = 2147483647;
			files = (
				935682202AF753580058E9EC /* ResultDisplayView.swift in Sources */,
				935682222AF779CB0058E9EC /* MainView.swift in Sources */,
				935682242AF7A3DA0058E9EC /* NumberEditSectionView.swift in Sources */,
				93E9F9802AECB666006FF515 /* ContentView.swift in Sources */,
				93E9F97E2AECB666006FF515 /* EditableEquationApp.swift in Sources */,
			);
			runOnlyForDeploymentPostprocessing = 0;
		};
/* End PBXSourcesBuildPhase section */

/* Begin XCBuildConfiguration section */
		93E9F9862AECB667006FF515 /* Debug */ = {
			isa = XCBuildConfiguration;
			buildSettings = {
				ALWAYS_SEARCH_USER_PATHS = NO;
				ASSETCATALOG_COMPILER_GENERATE_SWIFT_ASSET_SYMBOL_EXTENSIONS = YES;
				CLANG_ANALYZER_NONNULL = YES;
				CLANG_ANALYZER_NUMBER_OBJECT_CONVERSION = YES_AGGRESSIVE;
				CLANG_CXX_LANGUAGE_STANDARD = "gnu++20";
				CLANG_ENABLE_MODULES = YES;
				CLANG_ENABLE_OBJC_ARC = YES;
				CLANG_ENABLE_OBJC_WEAK = YES;
				CLANG_WARN_BLOCK_CAPTURE_AUTORELEASING = YES;
				CLANG_WARN_BOOL_CONVERSION = YES;
				CLANG_WARN_COMMA = YES;
				CLANG_WARN_CONSTANT_CONVERSION = YES;
				CLANG_WARN_DEPRECATED_OBJC_IMPLEMENTATIONS = YES;
				CLANG_WARN_DIRECT_OBJC_ISA_USAGE = YES_ERROR;
				CLANG_WARN_DOCUMENTATION_COMMENTS = YES;
				CLANG_WARN_EMPTY_BODY = YES;
				CLANG_WARN_ENUM_CONVERSION = YES;
				CLANG_WARN_INFINITE_RECURSION = YES;
				CLANG_WARN_INT_CONVERSION = YES;
				CLANG_WARN_NON_LITERAL_NULL_CONVERSION = YES;
				CLANG_WARN_OBJC_IMPLICIT_RETAIN_SELF = YES;
				CLANG_WARN_OBJC_LITERAL_CONVERSION = YES;
				CLANG_WARN_OBJC_ROOT_CLASS = YES_ERROR;
				CLANG_WARN_QUOTED_INCLUDE_IN_FRAMEWORK_HEADER = YES;
				CLANG_WARN_RANGE_LOOP_ANALYSIS = YES;
				CLANG_WARN_STRICT_PROTOTYPES = YES;
				CLANG_WARN_SUSPICIOUS_MOVE = YES;
				CLANG_WARN_UNGUARDED_AVAILABILITY = YES_AGGRESSIVE;
				CLANG_WARN_UNREACHABLE_CODE = YES;
				CLANG_WARN__DUPLICATE_METHOD_MATCH = YES;
				COPY_PHASE_STRIP = NO;
				DEBUG_INFORMATION_FORMAT = dwarf;
				ENABLE_STRICT_OBJC_MSGSEND = YES;
				ENABLE_TESTABILITY = YES;
				ENABLE_USER_SCRIPT_SANDBOXING = YES;
				GCC_C_LANGUAGE_STANDARD = gnu17;
				GCC_DYNAMIC_NO_PIC = NO;
				GCC_NO_COMMON_BLOCKS = YES;
				GCC_OPTIMIZATION_LEVEL = 0;
				GCC_PREPROCESSOR_DEFINITIONS = (
					"DEBUG=1",
					"$(inherited)",
				);
				GCC_WARN_64_TO_32_BIT_CONVERSION = YES;
				GCC_WARN_ABOUT_RETURN_TYPE = YES_ERROR;
				GCC_WARN_UNDECLARED_SELECTOR = YES;
				GCC_WARN_UNINITIALIZED_AUTOS = YES_AGGRESSIVE;
				GCC_WARN_UNUSED_FUNCTION = YES;
				GCC_WARN_UNUSED_VARIABLE = YES;
				IPHONEOS_DEPLOYMENT_TARGET = 17.0;
				LOCALIZATION_PREFERS_STRING_CATALOGS = YES;
				MTL_ENABLE_DEBUG_INFO = INCLUDE_SOURCE;
				MTL_FAST_MATH = YES;
				ONLY_ACTIVE_ARCH = YES;
				SDKROOT = iphoneos;
				SWIFT_ACTIVE_COMPILATION_CONDITIONS = "DEBUG $(inherited)";
				SWIFT_OPTIMIZATION_LEVEL = "-Onone";
			};
			name = Debug;
		};
		93E9F9872AECB667006FF515 /* Release */ = {
			isa = XCBuildConfiguration;
			buildSettings = {
				ALWAYS_SEARCH_USER_PATHS = NO;
				ASSETCATALOG_COMPILER_GENERATE_SWIFT_ASSET_SYMBOL_EXTENSIONS = YES;
				CLANG_ANALYZER_NONNULL = YES;
				CLANG_ANALYZER_NUMBER_OBJECT_CONVERSION = YES_AGGRESSIVE;
				CLANG_CXX_LANGUAGE_STANDARD = "gnu++20";
				CLANG_ENABLE_MODULES = YES;
				CLANG_ENABLE_OBJC_ARC = YES;
				CLANG_ENABLE_OBJC_WEAK = YES;
				CLANG_WARN_BLOCK_CAPTURE_AUTORELEASING = YES;
				CLANG_WARN_BOOL_CONVERSION = YES;
				CLANG_WARN_COMMA = YES;
				CLANG_WARN_CONSTANT_CONVERSION = YES;
				CLANG_WARN_DEPRECATED_OBJC_IMPLEMENTATIONS = YES;
				CLANG_WARN_DIRECT_OBJC_ISA_USAGE = YES_ERROR;
				CLANG_WARN_DOCUMENTATION_COMMENTS = YES;
				CLANG_WARN_EMPTY_BODY = YES;
				CLANG_WARN_ENUM_CONVERSION = YES;
				CLANG_WARN_INFINITE_RECURSION = YES;
				CLANG_WARN_INT_CONVERSION = YES;
				CLANG_WARN_NON_LITERAL_NULL_CONVERSION = YES;
				CLANG_WARN_OBJC_IMPLICIT_RETAIN_SELF = YES;
				CLANG_WARN_OBJC_LITERAL_CONVERSION = YES;
				CLANG_WARN_OBJC_ROOT_CLASS = YES_ERROR;
				CLANG_WARN_QUOTED_INCLUDE_IN_FRAMEWORK_HEADER = YES;
				CLANG_WARN_RANGE_LOOP_ANALYSIS = YES;
				CLANG_WARN_STRICT_PROTOTYPES = YES;
				CLANG_WARN_SUSPICIOUS_MOVE = YES;
				CLANG_WARN_UNGUARDED_AVAILABILITY = YES_AGGRESSIVE;
				CLANG_WARN_UNREACHABLE_CODE = YES;
				CLANG_WARN__DUPLICATE_METHOD_MATCH = YES;
				COPY_PHASE_STRIP = NO;
				DEBUG_INFORMATION_FORMAT = "dwarf-with-dsym";
				ENABLE_NS_ASSERTIONS = NO;
				ENABLE_STRICT_OBJC_MSGSEND = YES;
				ENABLE_USER_SCRIPT_SANDBOXING = YES;
				GCC_C_LANGUAGE_STANDARD = gnu17;
				GCC_NO_COMMON_BLOCKS = YES;
				GCC_WARN_64_TO_32_BIT_CONVERSION = YES;
				GCC_WARN_ABOUT_RETURN_TYPE = YES_ERROR;
				GCC_WARN_UNDECLARED_SELECTOR = YES;
				GCC_WARN_UNINITIALIZED_AUTOS = YES_AGGRESSIVE;
				GCC_WARN_UNUSED_FUNCTION = YES;
				GCC_WARN_UNUSED_VARIABLE = YES;
				IPHONEOS_DEPLOYMENT_TARGET = 17.0;
				LOCALIZATION_PREFERS_STRING_CATALOGS = YES;
				MTL_ENABLE_DEBUG_INFO = NO;
				MTL_FAST_MATH = YES;
				SDKROOT = iphoneos;
				SWIFT_COMPILATION_MODE = wholemodule;
				VALIDATE_PRODUCT = YES;
			};
			name = Release;
		};
		93E9F9892AECB667006FF515 /* Debug */ = {
			isa = XCBuildConfiguration;
			buildSettings = {
				ASSETCATALOG_COMPILER_APPICON_NAME = AppIcon;
				ASSETCATALOG_COMPILER_GLOBAL_ACCENT_COLOR_NAME = AccentColor;
				CODE_SIGN_STYLE = Automatic;
				CURRENT_PROJECT_VERSION = 1;
				DEVELOPMENT_ASSET_PATHS = "\"EditableEquation/App/Preview Content\"";
				ENABLE_PREVIEWS = YES;
				GENERATE_INFOPLIST_FILE = YES;
				INFOPLIST_KEY_UIApplicationSceneManifest_Generation = YES;
				INFOPLIST_KEY_UIApplicationSupportsIndirectInputEvents = YES;
				INFOPLIST_KEY_UILaunchScreen_Generation = YES;
				INFOPLIST_KEY_UISupportedInterfaceOrientations_iPad = "UIInterfaceOrientationPortrait UIInterfaceOrientationPortraitUpsideDown UIInterfaceOrientationLandscapeLeft UIInterfaceOrientationLandscapeRight";
				INFOPLIST_KEY_UISupportedInterfaceOrientations_iPhone = "UIInterfaceOrientationPortrait UIInterfaceOrientationLandscapeLeft UIInterfaceOrientationLandscapeRight";
				LD_RUNPATH_SEARCH_PATHS = (
					"$(inherited)",
					"@executable_path/Frameworks",
				);
				MARKETING_VERSION = 1.0;
				PRODUCT_BUNDLE_IDENTIFIER = com.kaithebuilder.EditableEquation;
				PRODUCT_NAME = "$(TARGET_NAME)";
				SWIFT_EMIT_LOC_STRINGS = YES;
				SWIFT_VERSION = 5.0;
				TARGETED_DEVICE_FAMILY = "1,2";
			};
			name = Debug;
		};
		93E9F98A2AECB667006FF515 /* Release */ = {
			isa = XCBuildConfiguration;
			buildSettings = {
				ASSETCATALOG_COMPILER_APPICON_NAME = AppIcon;
				ASSETCATALOG_COMPILER_GLOBAL_ACCENT_COLOR_NAME = AccentColor;
				CODE_SIGN_STYLE = Automatic;
				CURRENT_PROJECT_VERSION = 1;
				DEVELOPMENT_ASSET_PATHS = "\"EditableEquation/App/Preview Content\"";
				ENABLE_PREVIEWS = YES;
				GENERATE_INFOPLIST_FILE = YES;
				INFOPLIST_KEY_UIApplicationSceneManifest_Generation = YES;
				INFOPLIST_KEY_UIApplicationSupportsIndirectInputEvents = YES;
				INFOPLIST_KEY_UILaunchScreen_Generation = YES;
				INFOPLIST_KEY_UISupportedInterfaceOrientations_iPad = "UIInterfaceOrientationPortrait UIInterfaceOrientationPortraitUpsideDown UIInterfaceOrientationLandscapeLeft UIInterfaceOrientationLandscapeRight";
				INFOPLIST_KEY_UISupportedInterfaceOrientations_iPhone = "UIInterfaceOrientationPortrait UIInterfaceOrientationLandscapeLeft UIInterfaceOrientationLandscapeRight";
				LD_RUNPATH_SEARCH_PATHS = (
					"$(inherited)",
					"@executable_path/Frameworks",
				);
				MARKETING_VERSION = 1.0;
				PRODUCT_BUNDLE_IDENTIFIER = com.kaithebuilder.EditableEquation;
				PRODUCT_NAME = "$(TARGET_NAME)";
				SWIFT_EMIT_LOC_STRINGS = YES;
				SWIFT_VERSION = 5.0;
				TARGETED_DEVICE_FAMILY = "1,2";
			};
			name = Release;
		};
/* End XCBuildConfiguration section */

/* Begin XCConfigurationList section */
		93E9F9752AECB666006FF515 /* Build configuration list for PBXProject "EditableEquation" */ = {
			isa = XCConfigurationList;
			buildConfigurations = (
				93E9F9862AECB667006FF515 /* Debug */,
				93E9F9872AECB667006FF515 /* Release */,
			);
			defaultConfigurationIsVisible = 0;
			defaultConfigurationName = Release;
		};
		93E9F9882AECB667006FF515 /* Build configuration list for PBXNativeTarget "EditableEquation" */ = {
			isa = XCConfigurationList;
			buildConfigurations = (
				93E9F9892AECB667006FF515 /* Debug */,
				93E9F98A2AECB667006FF515 /* Release */,
			);
			defaultConfigurationIsVisible = 0;
			defaultConfigurationName = Release;
		};
/* End XCConfigurationList section */

/* Begin XCSwiftPackageProductDependency section */
		931F6F612AF26C8700D4F977 /* EditableEquationCore */ = {
			isa = XCSwiftPackageProductDependency;
			productName = EditableEquationCore;
		};
		931F6F632AF26C8700D4F977 /* EditableEquationKit */ = {
			isa = XCSwiftPackageProductDependency;
			productName = EditableEquationKit;
		};
		931F6F652AF26C8700D4F977 /* EditableEquationUI */ = {
			isa = XCSwiftPackageProductDependency;
			productName = EditableEquationUI;
		};
/* End XCSwiftPackageProductDependency section */
	};
	rootObject = 93E9F9722AECB666006FF515 /* Project object */;
}
